
Microsoft Visual Studio Solution File, Format Version 12.00
# Visual Studio Version 16
VisualStudioVersion = 16.0.32126.315
MinimumVisualStudioVersion = 10.0.40219.1
Project("{FAE04EC0-301F-11D3-BF4B-00C04F79EFBC}") = "ConsoleDeportee", "ConsoleDeportee\ConsoleDeportee.csproj", "{5D513275-C9B1-4451-9DD2-527309AD0EEF}"
EndProject
Global
	GlobalSection(SolutionConfigurationPlatforms) = preSolution
		Debug|Any CPU = Debug|Any CPU
		Release|Any CPU = Release|Any CPU
	EndGlobalSection
	GlobalSection(ProjectConfigurationPlatforms) = postSolution
		{5D513275-C9B1-4451-9DD2-527309AD0EEF}.Debug|Any CPU.ActiveCfg = Debug|Any CPU
		{5D513275-C9B1-4451-9DD2-527309AD0EEF}.Debug|Any CPU.Build.0 = Debug|Any CPU
		{5D513275-C9B1-4451-9DD2-527309AD0EEF}.Release|Any CPU.ActiveCfg = Release|Any CPU
		{5D513275-C9B1-4451-9DD2-527309AD0EEF}.Release|Any CPU.Build.0 = Release|Any CPU
	EndGlobalSection
	GlobalSection(SolutionProperties) = preSolution
		HideSolutionNode = FALSE
	EndGlobalSection
	GlobalSection(ExtensibilityGlobals) = postSolution
		SolutionGuid = {5536723C-7F5F-4153-86D9-23FD94BC522F}
	EndGlobalSection
EndGlobal
